{
  "name": "show2ess",
  "version": "1.0.0",
  "lockfileVersion": 3,
  "requires": true,
  "packages": {
    "": {
      "name": "show2ess",
      "version": "1.0.0",
      "license": "ISC",
      "dependencies": {
        "@pkmn/dex": "^0.9.33"
      }
    },
    "node_modules/@pkmn/dex": {
      "version": "0.9.33",
      "resolved": "https://registry.npmjs.org/@pkmn/dex/-/dex-0.9.33.tgz",
      "integrity": "sha512-NPaTtjIqRK94K10qMLQ+Iso6WgiQOkbuRqrIHPQdY8jz+v0i3meKpbLjLNOkoCIgJ1I4gliB8v9fRCKYjAzFJg==",
      "license": "MIT",
      "dependencies": {
        "@pkmn/dex-types": "^0.9.33"
      }
    },
    "node_modules/@pkmn/dex-types": {
      "version": "0.9.33",
      "resolved": "https://registry.npmjs.org/@pkmn/dex-types/-/dex-types-0.9.33.tgz",
      "integrity": "sha512-oz29lItf+FJ6ifMOLF2NjOVIhiJSoBOu6tcjLp7uOwLgxnbpomp9Rbcjtf+RHUPK7W1VTJzmeyFxrfNTN34Vhw==",
      "license": "MIT",
      "dependencies": {
        "@pkmn/types": "^4.0.0"
      }
    },
    "node_modules/@pkmn/types": {
      "version": "4.0.0",
      "resolved": "https://registry.npmjs.org/@pkmn/types/-/types-4.0.0.tgz",
      "integrity": "sha512-gR2s/pxJYEegek1TtsYCQupNR3d5hMlcJFsiD+2LyfKr4tc+gETTql47tWLX5mFSbPcbXh7f4+7txlMIDoZx/g==",
      "license": "MIT"
    }
  }
}