{
  "name": "show2ess",
  "version": "1.0.0",
  "lockfileVersion": 3,
  "requires": true,
  "packages": {
    "": {
      "name": "show2ess",
      "version": "1.0.0",
      "license": "ISC",
      "dependencies": {
        "@pkmn/dex": "0.9.34"
      }
    },
    "node_modules/@pkmn/dex": {
      "version": "0.9.34",
      "resolved": "https://registry.npmjs.org/@pkmn/dex/-/dex-0.9.34.tgz",
      "integrity": "sha512-wKLlooGgQpjHIVPZUndgv2oSyaA/EMUrWhBBKfm+mdBlT00cjOZ0X9bQGZPPYMhpSwItDh0e6/cvu10JXyTdLg==",
      "license": "MIT",
      "dependencies": {
        "@pkmn/dex-types": "^0.9.34"
      }
    },
    "node_modules/@pkmn/dex-types": {
      "version": "0.9.35",
      "resolved": "https://registry.npmjs.org/@pkmn/dex-types/-/dex-types-0.9.35.tgz",
      "integrity": "sha512-vj4+YuvyZCSE1Obl5H56ptDjEJhHxvmrfZS/XzlBdVHocVT5dEtiD24ttzQLzHlUBmFLH7+ZadSNVveiDZf0hg==",
      "license": "MIT",
      "dependencies": {
        "@pkmn/types": "^4.0.0"
      }
    },
    "node_modules/@pkmn/types": {
      "version": "4.0.0",
      "resolved": "https://registry.npmjs.org/@pkmn/types/-/types-4.0.0.tgz",
      "integrity": "sha512-gR2s/pxJYEegek1TtsYCQupNR3d5hMlcJFsiD+2LyfKr4tc+gETTql47tWLX5mFSbPcbXh7f4+7txlMIDoZx/g==",
      "license": "MIT"
    }
  }
}
